
Microsoft Visual Studio Solution File, Format Version 12.00
# Visual Studio Version 16
VisualStudioVersion = 16.0.29709.97
MinimumVisualStudioVersion = 10.0.40219.1
Project("{FAE04EC0-301F-11D3-BF4B-00C04F79EFBC}") = "SmallBankOOP", "SmallBankOOP\SmallBankOOP.csproj", "{A86BDF48-C540-4E6F-B4CF-4BB1702A3BC0}"
EndProject
Global
	GlobalSection(SolutionConfigurationPlatforms) = preSolution
		Debug|Any CPU = Debug|Any CPU
		Release|Any CPU = Release|Any CPU
	EndGlobalSection
	GlobalSection(ProjectConfigurationPlatforms) = postSolution
		{A86BDF48-C540-4E6F-B4CF-4BB1702A3BC0}.Debug|Any CPU.ActiveCfg = Debug|Any CPU
		{A86BDF48-C540-4E6F-B4CF-4BB1702A3BC0}.Debug|Any CPU.Build.0 = Debug|Any CPU
		{A86BDF48-C540-4E6F-B4CF-4BB1702A3BC0}.Release|Any CPU.ActiveCfg = Release|Any CPU
		{A86BDF48-C540-4E6F-B4CF-4BB1702A3BC0}.Release|Any CPU.Build.0 = Release|Any CPU
	EndGlobalSection
	GlobalSection(SolutionProperties) = preSolution
		HideSolutionNode = FALSE
	EndGlobalSection
	GlobalSection(ExtensibilityGlobals) = postSolution
		SolutionGuid = {75D0E089-509F-4615-86FA-40DE276D2365}
	EndGlobalSection
EndGlobal
